
Microsoft Visual Studio Solution File, Format Version 12.00
# Visual Studio 15
VisualStudioVersion = 15.0.27130.2020
MinimumVisualStudioVersion = 10.0.40219.1
Project("{FAE04EC0-301F-11D3-BF4B-00C04F79EFBC}") = "Client", "UDPBroadCastClient\Client.csproj", "{4A3DA3F4-A556-4D14-A840-E22221B3259F}"
EndProject
Project("{FAE04EC0-301F-11D3-BF4B-00C04F79EFBC}") = "Server", "UDPBroadCastServer\Server.csproj", "{402B15E7-92B3-4AA3-B603-3DEE88CFD26C}"
EndProject
Project("{FAE04EC0-301F-11D3-BF4B-00C04F79EFBC}") = "GlobalValues", "UDPCommand\GlobalValues.csproj", "{13059492-E9FD-46F4-9817-5C3E1E0979CA}"
EndProject
Project("{FAE04EC0-301F-11D3-BF4B-00C04F79EFBC}") = "ScreenClient", "screenclient\ScreenClient.csproj", "{00938125-8D9A-445B-A420-2E9D638D37CC}"
EndProject
Project("{54435603-DBB4-11D2-8724-00A0C9A8B90C}") = "客户端安装", "SetUp\SetUp.vdproj", "{1E53EF17-5688-4A3A-BFB1-790AEB10EA45}"
EndProject
Project("{FAE04EC0-301F-11D3-BF4B-00C04F79EFBC}") = "PacketHelper", "PacketHelper\PacketHelper.csproj", "{03A086E5-7BFB-4572-AF0F-AE46BBDEADA6}"
EndProject
Project("{FAE04EC0-301F-11D3-BF4B-00C04F79EFBC}") = "screen-cast", "screen-cast\screen-cast.csproj", "{19CAA291-0A31-4477-A902-AC89FB49BF1A}"
EndProject
Global
	GlobalSection(SolutionConfigurationPlatforms) = preSolution
		Debug|Any CPU = Debug|Any CPU
		Release|Any CPU = Release|Any CPU
	EndGlobalSection
	GlobalSection(ProjectConfigurationPlatforms) = postSolution
		{4A3DA3F4-A556-4D14-A840-E22221B3259F}.Debug|Any CPU.ActiveCfg = Debug|Any CPU
		{4A3DA3F4-A556-4D14-A840-E22221B3259F}.Debug|Any CPU.Build.0 = Debug|Any CPU
		{4A3DA3F4-A556-4D14-A840-E22221B3259F}.Release|Any CPU.ActiveCfg = Release|Any CPU
		{4A3DA3F4-A556-4D14-A840-E22221B3259F}.Release|Any CPU.Build.0 = Release|Any CPU
		{402B15E7-92B3-4AA3-B603-3DEE88CFD26C}.Debug|Any CPU.ActiveCfg = Debug|Any CPU
		{402B15E7-92B3-4AA3-B603-3DEE88CFD26C}.Debug|Any CPU.Build.0 = Debug|Any CPU
		{402B15E7-92B3-4AA3-B603-3DEE88CFD26C}.Release|Any CPU.ActiveCfg = Release|Any CPU
		{402B15E7-92B3-4AA3-B603-3DEE88CFD26C}.Release|Any CPU.Build.0 = Release|Any CPU
		{13059492-E9FD-46F4-9817-5C3E1E0979CA}.Debug|Any CPU.ActiveCfg = Debug|Any CPU
		{13059492-E9FD-46F4-9817-5C3E1E0979CA}.Debug|Any CPU.Build.0 = Debug|Any CPU
		{13059492-E9FD-46F4-9817-5C3E1E0979CA}.Release|Any CPU.ActiveCfg = Release|Any CPU
		{13059492-E9FD-46F4-9817-5C3E1E0979CA}.Release|Any CPU.Build.0 = Release|Any CPU
		{00938125-8D9A-445B-A420-2E9D638D37CC}.Debug|Any CPU.ActiveCfg = Debug|Any CPU
		{00938125-8D9A-445B-A420-2E9D638D37CC}.Debug|Any CPU.Build.0 = Debug|Any CPU
		{00938125-8D9A-445B-A420-2E9D638D37CC}.Release|Any CPU.ActiveCfg = Release|Any CPU
		{00938125-8D9A-445B-A420-2E9D638D37CC}.Release|Any CPU.Build.0 = Release|Any CPU
		{1E53EF17-5688-4A3A-BFB1-790AEB10EA45}.Debug|Any CPU.ActiveCfg = Debug
		{1E53EF17-5688-4A3A-BFB1-790AEB10EA45}.Debug|Any CPU.Build.0 = Debug
		{1E53EF17-5688-4A3A-BFB1-790AEB10EA45}.Release|Any CPU.ActiveCfg = Release
		{1E53EF17-5688-4A3A-BFB1-790AEB10EA45}.Release|Any CPU.Build.0 = Release
		{03A086E5-7BFB-4572-AF0F-AE46BBDEADA6}.Debug|Any CPU.ActiveCfg = Debug|Any CPU
		{03A086E5-7BFB-4572-AF0F-AE46BBDEADA6}.Debug|Any CPU.Build.0 = Debug|Any CPU
		{03A086E5-7BFB-4572-AF0F-AE46BBDEADA6}.Release|Any CPU.ActiveCfg = Release|Any CPU
		{03A086E5-7BFB-4572-AF0F-AE46BBDEADA6}.Release|Any CPU.Build.0 = Release|Any CPU
		{19CAA291-0A31-4477-A902-AC89FB49BF1A}.Debug|Any CPU.ActiveCfg = Debug|Any CPU
		{19CAA291-0A31-4477-A902-AC89FB49BF1A}.Debug|Any CPU.Build.0 = Debug|Any CPU
		{19CAA291-0A31-4477-A902-AC89FB49BF1A}.Release|Any CPU.ActiveCfg = Release|Any CPU
		{19CAA291-0A31-4477-A902-AC89FB49BF1A}.Release|Any CPU.Build.0 = Release|Any CPU
	EndGlobalSection
	GlobalSection(SolutionProperties) = preSolution
		HideSolutionNode = FALSE
	EndGlobalSection
	GlobalSection(ExtensibilityGlobals) = postSolution
		SolutionGuid = {FA8E6D79-6885-4D11-9B71-68E486AC9A40}
	EndGlobalSection
EndGlobal
